{
  "version": 4,
  "terraform_version": "1.9.8",
  "serial": 3,
  "lineage": "315b7973-b8d2-8d26-8f7d-9f74f4d00deb",
  "outputs": {
    "public_ip": {
      "value": "51.250.73.162",
      "type": "string"
    }
  },
  "resources": [
    {
      "mode": "data",
      "type": "yandex_vpc_subnet",
      "name": "selected",
      "provider": "provider[\"registry.terraform.io/yandex-cloud/yandex\"]",
      "instances": [
        {
          "schema_version": 0,
          "attributes": {
            "created_at": "2024-08-18T19:16:08Z",
            "description": "Auto-created default subnet for zone ru-central1-a in default",
            "dhcp_options": [],
            "folder_id": "b1g4irnljhuftrnnkos6",
            "id": "e9bi1vo3i3vg4ris2c0p",
            "labels": {},
            "name": "default-ru-central1-a",
            "network_id": "enp47iq0m59c9pgnbqc4",
            "route_table_id": "",
            "subnet_id": "e9bi1vo3i3vg4ris2c0p",
            "v4_cidr_blocks": [
              "10.128.0.0/24"
            ],
            "v6_cidr_blocks": [],
            "zone": "ru-central1-a"
          },
          "sensitive_attributes": []
        }
      ]
    },
    {
      "mode": "managed",
      "type": "yandex_compute_disk",
      "name": "boot-disk-1",
      "provider": "provider[\"registry.terraform.io/yandex-cloud/yandex\"]",
      "instances": [
        {
          "schema_version": 0,
          "attributes": {
            "allow_recreate": null,
            "block_size": 4096,
            "created_at": "2025-09-11T17:29:57Z",
            "description": "",
            "disk_placement_policy": [
              {
                "disk_placement_group_id": ""
              }
            ],
            "folder_id": "b1g4irnljhuftrnnkos6",
            "hardware_generation": [
              {
                "generation2_features": [],
                "legacy_features": [
                  {
                    "pci_topology": "PCI_TOPOLOGY_V1"
                  }
                ]
              }
            ],
            "id": "fhml8qhphd8p0jis2j8a",
            "image_id": "fd8kc2n656prni2cimp5",
            "kms_key_id": null,
            "labels": null,
            "name": "boot-disk-1",
            "product_ids": [
              "f2e612siduhnuqlocdu6"
            ],
            "size": 20,
            "snapshot_id": "",
            "status": "ready",
            "timeouts": null,
            "type": "network-hdd",
            "zone": "ru-central1-a"
          },
          "sensitive_attributes": [],
          "private": "eyJlMmJmYjczMC1lY2FhLTExZTYtOGY4OC0zNDM2M2JjN2M0YzAiOnsiY3JlYXRlIjozMDAwMDAwMDAwMDAsImRlbGV0ZSI6MzAwMDAwMDAwMDAwLCJ1cGRhdGUiOjMwMDAwMDAwMDAwMH19"
        }
      ]
    },
    {
      "mode": "managed",
      "type": "yandex_compute_instance",
      "name": "vm-1",
      "provider": "provider[\"registry.terraform.io/yandex-cloud/yandex\"]",
      "instances": [
        {
          "schema_version": 1,
          "attributes": {
            "allow_recreate": null,
            "allow_stopping_for_update": null,
            "boot_disk": [
              {
                "auto_delete": true,
                "device_name": "fhml8qhphd8p0jis2j8a",
                "disk_id": "fhml8qhphd8p0jis2j8a",
                "initialize_params": [
                  {
                    "block_size": 4096,
                    "description": "",
                    "image_id": "fd8kc2n656prni2cimp5",
                    "kms_key_id": "",
                    "name": "boot-disk-1",
                    "size": 20,
                    "snapshot_id": "",
                    "type": "network-hdd"
                  }
                ],
                "mode": "READ_WRITE"
              }
            ],
            "created_at": "2025-09-11T17:30:07Z",
            "description": "",
            "filesystem": [],
            "folder_id": "b1g4irnljhuftrnnkos6",
            "fqdn": "fhms66d5fqk67lg2unhq.auto.internal",
            "gpu_cluster_id": "",
            "hardware_generation": [
              {
                "generation2_features": [],
                "legacy_features": [
                  {
                    "pci_topology": "PCI_TOPOLOGY_V1"
                  }
                ]
              }
            ],
            "hostname": "",
            "id": "fhms66d5fqk67lg2unhq",
            "labels": null,
            "local_disk": [],
            "maintenance_grace_period": "",
            "maintenance_policy": null,
            "metadata": {
              "ssh-keys": "ubuntu:ssh-rsa AAAAB3NzaC1yc2EAAAADAQABAAABgQCnhuaFtPxHkHUMhJTSe3gFeospx977i/3wmDulp2wIZCUtM+twQVZaARQ/tJCYSeuASqcq+2cTFH4d7CydlvL9GIdmqtrQW0bluD0cgmXkpPK0hbi2IZ2FUNtCTB1LqnJ/jahKLUUSXljLX8qVZx8dI++fwTC01Hy/KrvBYc8Ez/QessdsImSAYbKMEw5ndafDrC4ut/HkYYvBFaYjQeLjoA/PCjGiL0HyXxU7Xj84et/5KFICSNf7PEfpoGmqyrghMcbSXL+3k3VrDHUtWGqnncA3fcNPHGvlhPb+Hq8isaaX9Cdp/NP8sfKHgn4u3mfqX9j+bhYno3tRKefQvACg80/M1woyXQ9V/7wXwPmqQQGG5bhlgf73Sg/xPRnI7BEC/+nw5Rl2mXVySQukFiJtffH7OlYUnYqg7x4AHnnLWcQ9+Glv0JwOsarUNiGHpe8QKdYTzXEaGrsCWEQ9a4vcLLSQnWgHJdgkNRSHcngixI1OTCDvn1PlvBy43h18IO0= vagrant@iac\r\n"
            },
            "metadata_options": [
              {
                "aws_v1_http_endpoint": 1,
                "aws_v1_http_token": 2,
                "gce_http_endpoint": 1,
                "gce_http_token": 1
              }
            ],
            "name": "levelup",
            "network_acceleration_type": "standard",
            "network_interface": [
              {
                "dns_record": [],
                "index": 0,
                "ip_address": "10.128.0.12",
                "ipv4": true,
                "ipv6": false,
                "ipv6_address": "",
                "ipv6_dns_record": [],
                "mac_address": "d0:0d:1c:31:9a:57",
                "nat": true,
                "nat_dns_record": [],
                "nat_ip_address": "51.250.73.162",
                "nat_ip_version": "IPV4",
                "security_group_ids": null,
                "subnet_id": "e9bi1vo3i3vg4ris2c0p"
              }
            ],
            "placement_policy": [
              {
                "host_affinity_rules": [],
                "placement_group_id": "",
                "placement_group_partition": 0
              }
            ],
            "platform_id": "standard-v1",
            "resources": [
              {
                "core_fraction": 100,
                "cores": 2,
                "gpus": 0,
                "memory": 2
              }
            ],
            "scheduling_policy": [
              {
                "preemptible": false
              }
            ],
            "secondary_disk": [],
            "service_account_id": "",
            "status": "running",
            "timeouts": null,
            "zone": "ru-central1-a"
          },
          "sensitive_attributes": [],
          "private": "eyJlMmJmYjczMC1lY2FhLTExZTYtOGY4OC0zNDM2M2JjN2M0YzAiOnsiY3JlYXRlIjozMDAwMDAwMDAwMDAsImRlbGV0ZSI6MzAwMDAwMDAwMDAwLCJ1cGRhdGUiOjMwMDAwMDAwMDAwMH0sInNjaGVtYV92ZXJzaW9uIjoiMSJ9",
          "dependencies": [
            "data.yandex_vpc_subnet.selected",
            "yandex_compute_disk.boot-disk-1"
          ]
        }
      ]
    }
  ],
  "check_results": null
}
